// !$*UTF8*$!
{
	archiveVersion = 1;
	classes = {
	};
	objectVersion = 50;
	objects = {

/* Begin PBXBuildFile section */
		84452E6324A981E600E302EA /* Diem WatchKit App.app in Embed Watch Content */ = {isa = PBXBuildFile; fileRef = 84452E6224A981E600E302EA /* Diem WatchKit App.app */; settings = {ATTRIBUTES = (RemoveHeadersOnCopy, ); }; };
		84452E6924A981E600E302EA /* Interface.storyboard in Resources */ = {isa = PBXBuildFile; fileRef = 84452E6724A981E600E302EA /* Interface.storyboard */; };
		84452E6B24A981E800E302EA /* Assets.xcassets in Resources */ = {isa = PBXBuildFile; fileRef = 84452E6A24A981E800E302EA /* Assets.xcassets */; };
		84452E7224A981E900E302EA /* Diem WatchKit Extension.appex in Embed App Extensions */ = {isa = PBXBuildFile; fileRef = 84452E7124A981E900E302EA /* Diem WatchKit Extension.appex */; settings = {ATTRIBUTES = (RemoveHeadersOnCopy, ); }; };
		84452E7724A981E900E302EA /* ContentView.swift in Sources */ = {isa = PBXBuildFile; fileRef = 84452E7624A981E900E302EA /* ContentView.swift */; };
		84452E7924A981E900E302EA /* HostingController.swift in Sources */ = {isa = PBXBuildFile; fileRef = 84452E7824A981E900E302EA /* HostingController.swift */; };
		84452E7B24A981E900E302EA /* ExtensionDelegate.swift in Sources */ = {isa = PBXBuildFile; fileRef = 84452E7A24A981E900E302EA /* ExtensionDelegate.swift */; };
		84452E7D24A981E900E302EA /* ComplicationController.swift in Sources */ = {isa = PBXBuildFile; fileRef = 84452E7C24A981E900E302EA /* ComplicationController.swift */; };
		84452E7F24A981E900E302EA /* Assets.xcassets in Resources */ = {isa = PBXBuildFile; fileRef = 84452E7E24A981E900E302EA /* Assets.xcassets */; };
		84452E8224A981E900E302EA /* Preview Assets.xcassets in Resources */ = {isa = PBXBuildFile; fileRef = 84452E8124A981E900E302EA /* Preview Assets.xcassets */; };
		84452EDE24A9856400E302EA /* ClockView.swift in Sources */ = {isa = PBXBuildFile; fileRef = 84452EDA24A9856400E302EA /* ClockView.swift */; };
		84452EDF24A9856400E302EA /* ClockMarks.swift in Sources */ = {isa = PBXBuildFile; fileRef = 84452EDB24A9856400E302EA /* ClockMarks.swift */; };
		84452EE024A9856400E302EA /* ClockModel.swift in Sources */ = {isa = PBXBuildFile; fileRef = 84452EDC24A9856400E302EA /* ClockModel.swift */; };
		84452EE124A9856400E302EA /* ClockIndicator.swift in Sources */ = {isa = PBXBuildFile; fileRef = 84452EDD24A9856400E302EA /* ClockIndicator.swift */; };
		84452EE324A985D400E302EA /* ClockMonogram.swift in Sources */ = {isa = PBXBuildFile; fileRef = 84452EE224A985D400E302EA /* ClockMonogram.swift */; };
/* End PBXBuildFile section */

/* Begin PBXContainerItemProxy section */
		84452E6424A981E600E302EA /* PBXContainerItemProxy */ = {
			isa = PBXContainerItemProxy;
			containerPortal = 84452E5824A981E500E302EA /* Project object */;
			proxyType = 1;
			remoteGlobalIDString = 84452E6124A981E600E302EA;
			remoteInfo = "Diem WatchKit App";
		};
		84452E7324A981E900E302EA /* PBXContainerItemProxy */ = {
			isa = PBXContainerItemProxy;
			containerPortal = 84452E5824A981E500E302EA /* Project object */;
			proxyType = 1;
			remoteGlobalIDString = 84452E7024A981E900E302EA;
			remoteInfo = "Diem WatchKit Extension";
		};
/* End PBXContainerItemProxy section */

/* Begin PBXCopyFilesBuildPhase section */
		84452E8924A981E900E302EA /* Embed App Extensions */ = {
			isa = PBXCopyFilesBuildPhase;
			buildActionMask = 2147483647;
			dstPath = "";
			dstSubfolderSpec = 13;
			files = (
				84452E7224A981E900E302EA /* Diem WatchKit Extension.appex in Embed App Extensions */,
			);
			name = "Embed App Extensions";
			runOnlyForDeploymentPostprocessing = 0;
		};
		84452E8D24A981E900E302EA /* Embed Watch Content */ = {
			isa = PBXCopyFilesBuildPhase;
			buildActionMask = 2147483647;
			dstPath = "$(CONTENTS_FOLDER_PATH)/Watch";
			dstSubfolderSpec = 16;
			files = (
				84452E6324A981E600E302EA /* Diem WatchKit App.app in Embed Watch Content */,
			);
			name = "Embed Watch Content";
			runOnlyForDeploymentPostprocessing = 0;
		};
/* End PBXCopyFilesBuildPhase section */

/* Begin PBXFileReference section */
		84452E5E24A981E500E302EA /* Diem.app */ = {isa = PBXFileReference; explicitFileType = wrapper.application; includeInIndex = 0; path = Diem.app; sourceTree = BUILT_PRODUCTS_DIR; };
		84452E6224A981E600E302EA /* Diem WatchKit App.app */ = {isa = PBXFileReference; explicitFileType = wrapper.application; includeInIndex = 0; path = "Diem WatchKit App.app"; sourceTree = BUILT_PRODUCTS_DIR; };
		84452E6824A981E600E302EA /* Base */ = {isa = PBXFileReference; lastKnownFileType = file.storyboard; name = Base; path = Base.lproj/Interface.storyboard; sourceTree = "<group>"; };
		84452E6A24A981E800E302EA /* Assets.xcassets */ = {isa = PBXFileReference; lastKnownFileType = folder.assetcatalog; path = Assets.xcassets; sourceTree = "<group>"; };
		84452E6C24A981E800E302EA /* Info.plist */ = {isa = PBXFileReference; lastKnownFileType = text.plist.xml; path = Info.plist; sourceTree = "<group>"; };
		84452E7124A981E900E302EA /* Diem WatchKit Extension.appex */ = {isa = PBXFileReference; explicitFileType = "wrapper.app-extension"; includeInIndex = 0; path = "Diem WatchKit Extension.appex"; sourceTree = BUILT_PRODUCTS_DIR; };
		84452E7624A981E900E302EA /* ContentView.swift */ = {isa = PBXFileReference; lastKnownFileType = sourcecode.swift; path = ContentView.swift; sourceTree = "<group>"; };
		84452E7824A981E900E302EA /* HostingController.swift */ = {isa = PBXFileReference; lastKnownFileType = sourcecode.swift; path = HostingController.swift; sourceTree = "<group>"; };
		84452E7A24A981E900E302EA /* ExtensionDelegate.swift */ = {isa = PBXFileReference; lastKnownFileType = sourcecode.swift; path = ExtensionDelegate.swift; sourceTree = "<group>"; };
		84452E7C24A981E900E302EA /* ComplicationController.swift */ = {isa = PBXFileReference; lastKnownFileType = sourcecode.swift; path = ComplicationController.swift; sourceTree = "<group>"; };
		84452E7E24A981E900E302EA /* Assets.xcassets */ = {isa = PBXFileReference; lastKnownFileType = folder.assetcatalog; path = Assets.xcassets; sourceTree = "<group>"; };
		84452E8124A981E900E302EA /* Preview Assets.xcassets */ = {isa = PBXFileReference; lastKnownFileType = folder.assetcatalog; path = "Preview Assets.xcassets"; sourceTree = "<group>"; };
		84452E8324A981E900E302EA /* Info.plist */ = {isa = PBXFileReference; lastKnownFileType = text.plist.xml; path = Info.plist; sourceTree = "<group>"; };
		84452EDA24A9856400E302EA /* ClockView.swift */ = {isa = PBXFileReference; fileEncoding = 4; lastKnownFileType = sourcecode.swift; path = ClockView.swift; sourceTree = "<group>"; };
		84452EDB24A9856400E302EA /* ClockMarks.swift */ = {isa = PBXFileReference; fileEncoding = 4; lastKnownFileType = sourcecode.swift; path = ClockMarks.swift; sourceTree = "<group>"; };
		84452EDC24A9856400E302EA /* ClockModel.swift */ = {isa = PBXFileReference; fileEncoding = 4; lastKnownFileType = sourcecode.swift; path = ClockModel.swift; sourceTree = "<group>"; };
		84452EDD24A9856400E302EA /* ClockIndicator.swift */ = {isa = PBXFileReference; fileEncoding = 4; lastKnownFileType = sourcecode.swift; path = ClockIndicator.swift; sourceTree = "<group>"; };
		84452EE224A985D400E302EA /* ClockMonogram.swift */ = {isa = PBXFileReference; lastKnownFileType = sourcecode.swift; path = ClockMonogram.swift; sourceTree = "<group>"; };
/* End PBXFileReference section */

/* Begin PBXFrameworksBuildPhase section */
		84452E6E24A981E900E302EA /* Frameworks */ = {
			isa = PBXFrameworksBuildPhase;
			buildActionMask = 2147483647;
			files = (
			);
			runOnlyForDeploymentPostprocessing = 0;
		};
/* End PBXFrameworksBuildPhase section */

/* Begin PBXGroup section */
		84452E5724A981E500E302EA = {
			isa = PBXGroup;
			children = (
				84452E6624A981E600E302EA /* Diem WatchKit App */,
				84452E7524A981E900E302EA /* Diem WatchKit Extension */,
				84452E5F24A981E500E302EA /* Products */,
			);
			sourceTree = "<group>";
		};
		84452E5F24A981E500E302EA /* Products */ = {
			isa = PBXGroup;
			children = (
				84452E5E24A981E500E302EA /* Diem.app */,
				84452E6224A981E600E302EA /* Diem WatchKit App.app */,
				84452E7124A981E900E302EA /* Diem WatchKit Extension.appex */,
			);
			name = Products;
			sourceTree = "<group>";
		};
		84452E6624A981E600E302EA /* Diem WatchKit App */ = {
			isa = PBXGroup;
			children = (
				84452E6724A981E600E302EA /* Interface.storyboard */,
				84452E6A24A981E800E302EA /* Assets.xcassets */,
				84452E6C24A981E800E302EA /* Info.plist */,
			);
			path = "Diem WatchKit App";
			sourceTree = "<group>";
		};
		84452E7524A981E900E302EA /* Diem WatchKit Extension */ = {
			isa = PBXGroup;
			children = (
				84452ED924A9856400E302EA /* Clock View */,
				84452E7624A981E900E302EA /* ContentView.swift */,
				84452E7824A981E900E302EA /* HostingController.swift */,
				84452E7A24A981E900E302EA /* ExtensionDelegate.swift */,
				84452E7C24A981E900E302EA /* ComplicationController.swift */,
				84452E7E24A981E900E302EA /* Assets.xcassets */,
				84452E8324A981E900E302EA /* Info.plist */,
				84452E8024A981E900E302EA /* Preview Content */,
			);
			path = "Diem WatchKit Extension";
			sourceTree = "<group>";
		};
		84452E8024A981E900E302EA /* Preview Content */ = {
			isa = PBXGroup;
			children = (
				84452E8124A981E900E302EA /* Preview Assets.xcassets */,
			);
			path = "Preview Content";
			sourceTree = "<group>";
		};
		84452ED924A9856400E302EA /* Clock View */ = {
			isa = PBXGroup;
			children = (
				84452EDA24A9856400E302EA /* ClockView.swift */,
				84452EDB24A9856400E302EA /* ClockMarks.swift */,
				84452EDC24A9856400E302EA /* ClockModel.swift */,
				84452EDD24A9856400E302EA /* ClockIndicator.swift */,
				84452EE224A985D400E302EA /* ClockMonogram.swift */,
			);
			name = "Clock View";
			path = "clock-swiftui-sample/Clock/Clock View";
			sourceTree = SOURCE_ROOT;
		};
/* End PBXGroup section */

/* Begin PBXNativeTarget section */
		84452E5D24A981E500E302EA /* Diem */ = {
			isa = PBXNativeTarget;
			buildConfigurationList = 84452E8E24A981E900E302EA /* Build configuration list for PBXNativeTarget "Diem" */;
			buildPhases = (
				84452E5C24A981E500E302EA /* Resources */,
				84452E8D24A981E900E302EA /* Embed Watch Content */,
			);
			buildRules = (
			);
			dependencies = (
				84452E6524A981E600E302EA /* PBXTargetDependency */,
			);
			name = Diem;
			productName = Diem;
			productReference = 84452E5E24A981E500E302EA /* Diem.app */;
			productType = "com.apple.product-type.application.watchapp2-container";
		};
		84452E6124A981E600E302EA /* Diem WatchKit App */ = {
			isa = PBXNativeTarget;
			buildConfigurationList = 84452E8A24A981E900E302EA /* Build configuration list for PBXNativeTarget "Diem WatchKit App" */;
			buildPhases = (
				84452E6024A981E600E302EA /* Resources */,
				84452E8924A981E900E302EA /* Embed App Extensions */,
			);
			buildRules = (
			);
			dependencies = (
				84452E7424A981E900E302EA /* PBXTargetDependency */,
			);
			name = "Diem WatchKit App";
			productName = "Diem WatchKit App";
			productReference = 84452E6224A981E600E302EA /* Diem WatchKit App.app */;
			productType = "com.apple.product-type.application.watchapp2";
		};
		84452E7024A981E900E302EA /* Diem WatchKit Extension */ = {
			isa = PBXNativeTarget;
			buildConfigurationList = 84452E8624A981E900E302EA /* Build configuration list for PBXNativeTarget "Diem WatchKit Extension" */;
			buildPhases = (
				84452E6D24A981E900E302EA /* Sources */,
				84452E6E24A981E900E302EA /* Frameworks */,
				84452E6F24A981E900E302EA /* Resources */,
			);
			buildRules = (
			);
			dependencies = (
			);
			name = "Diem WatchKit Extension";
			productName = "Diem WatchKit Extension";
			productReference = 84452E7124A981E900E302EA /* Diem WatchKit Extension.appex */;
			productType = "com.apple.product-type.watchkit2-extension";
		};
/* End PBXNativeTarget section */

/* Begin PBXProject section */
		84452E5824A981E500E302EA /* Project object */ = {
			isa = PBXProject;
			attributes = {
				LastSwiftUpdateCheck = 1150;
				LastUpgradeCheck = 1150;
				ORGANIZATIONNAME = "William Henderson";
				TargetAttributes = {
					84452E5D24A981E500E302EA = {
						CreatedOnToolsVersion = 11.5;
					};
					84452E6124A981E600E302EA = {
						CreatedOnToolsVersion = 11.5;
					};
					84452E7024A981E900E302EA = {
						CreatedOnToolsVersion = 11.5;
					};
				};
			};
			buildConfigurationList = 84452E5B24A981E500E302EA /* Build configuration list for PBXProject "Diem" */;
			compatibilityVersion = "Xcode 9.3";
			developmentRegion = en;
			hasScannedForEncodings = 0;
			knownRegions = (
				en,
				Base,
			);
			mainGroup = 84452E5724A981E500E302EA;
			productRefGroup = 84452E5F24A981E500E302EA /* Products */;
			projectDirPath = "";
			projectRoot = "";
			targets = (
				84452E5D24A981E500E302EA /* Diem */,
				84452E6124A981E600E302EA /* Diem WatchKit App */,
				84452E7024A981E900E302EA /* Diem WatchKit Extension */,
			);
		};
/* End PBXProject section */

/* Begin PBXResourcesBuildPhase section */
		84452E5C24A981E500E302EA /* Resources */ = {
			isa = PBXResourcesBuildPhase;
			buildActionMask = 2147483647;
			files = (
			);
			runOnlyForDeploymentPostprocessing = 0;
		};
		84452E6024A981E600E302EA /* Resources */ = {
			isa = PBXResourcesBuildPhase;
			buildActionMask = 2147483647;
			files = (
				84452E6B24A981E800E302EA /* Assets.xcassets in Resources */,
				84452E6924A981E600E302EA /* Interface.storyboard in Resources */,
			);
			runOnlyForDeploymentPostprocessing = 0;
		};
		84452E6F24A981E900E302EA /* Resources */ = {
			isa = PBXResourcesBuildPhase;
			buildActionMask = 2147483647;
			files = (
				84452E8224A981E900E302EA /* Preview Assets.xcassets in Resources */,
				84452E7F24A981E900E302EA /* Assets.xcassets in Resources */,
			);
			runOnlyForDeploymentPostprocessing = 0;
		};
/* End PBXResourcesBuildPhase section */

/* Begin PBXSourcesBuildPhase section */
		84452E6D24A981E900E302EA /* Sources */ = {
			isa = PBXSourcesBuildPhase;
			buildActionMask = 2147483647;
			files = (
				84452EE124A9856400E302EA /* ClockIndicator.swift in Sources */,
				84452E7924A981E900E302EA /* HostingController.swift in Sources */,
				84452EDF24A9856400E302EA /* ClockMarks.swift in Sources */,
				84452EE024A9856400E302EA /* ClockModel.swift in Sources */,
				84452EDE24A9856400E302EA /* ClockView.swift in Sources */,
				84452EE324A985D400E302EA /* ClockMonogram.swift in Sources */,
				84452E7D24A981E900E302EA /* ComplicationController.swift in Sources */,
				84452E7724A981E900E302EA /* ContentView.swift in Sources */,
				84452E7B24A981E900E302EA /* ExtensionDelegate.swift in Sources */,
			);
			runOnlyForDeploymentPostprocessing = 0;
		};
/* End PBXSourcesBuildPhase section */

/* Begin PBXTargetDependency section */
		84452E6524A981E600E302EA /* PBXTargetDependency */ = {
			isa = PBXTargetDependency;
			target = 84452E6124A981E600E302EA /* Diem WatchKit App */;
			targetProxy = 84452E6424A981E600E302EA /* PBXContainerItemProxy */;
		};
		84452E7424A981E900E302EA /* PBXTargetDependency */ = {
			isa = PBXTargetDependency;
			target = 84452E7024A981E900E302EA /* Diem WatchKit Extension */;
			targetProxy = 84452E7324A981E900E302EA /* PBXContainerItemProxy */;
		};
/* End PBXTargetDependency section */

/* Begin PBXVariantGroup section */
		84452E6724A981E600E302EA /* Interface.storyboard */ = {
			isa = PBXVariantGroup;
			children = (
				84452E6824A981E600E302EA /* Base */,
			);
			name = Interface.storyboard;
			sourceTree = "<group>";
		};
/* End PBXVariantGroup section */

/* Begin XCBuildConfiguration section */
		84452E8424A981E900E302EA /* Debug */ = {
			isa = XCBuildConfiguration;
			buildSettings = {
				ALWAYS_SEARCH_USER_PATHS = NO;
				CLANG_ANALYZER_NONNULL = YES;
				CLANG_ANALYZER_NUMBER_OBJECT_CONVERSION = YES_AGGRESSIVE;
				CLANG_CXX_LANGUAGE_STANDARD = "gnu++14";
				CLANG_CXX_LIBRARY = "libc++";
				CLANG_ENABLE_MODULES = YES;
				CLANG_ENABLE_OBJC_ARC = YES;
				CLANG_ENABLE_OBJC_WEAK = YES;
				CLANG_WARN_BLOCK_CAPTURE_AUTORELEASING = YES;
				CLANG_WARN_BOOL_CONVERSION = YES;
				CLANG_WARN_COMMA = YES;
				CLANG_WARN_CONSTANT_CONVERSION = YES;
				CLANG_WARN_DEPRECATED_OBJC_IMPLEMENTATIONS = YES;
				CLANG_WARN_DIRECT_OBJC_ISA_USAGE = YES_ERROR;
				CLANG_WARN_DOCUMENTATION_COMMENTS = YES;
				CLANG_WARN_EMPTY_BODY = YES;
				CLANG_WARN_ENUM_CONVERSION = YES;
				CLANG_WARN_INFINITE_RECURSION = YES;
				CLANG_WARN_INT_CONVERSION = YES;
				CLANG_WARN_NON_LITERAL_NULL_CONVERSION = YES;
				CLANG_WARN_OBJC_IMPLICIT_RETAIN_SELF = YES;
				CLANG_WARN_OBJC_LITERAL_CONVERSION = YES;
				CLANG_WARN_OBJC_ROOT_CLASS = YES_ERROR;
				CLANG_WARN_RANGE_LOOP_ANALYSIS = YES;
				CLANG_WARN_STRICT_PROTOTYPES = YES;
				CLANG_WARN_SUSPICIOUS_MOVE = YES;
				CLANG_WARN_UNGUARDED_AVAILABILITY = YES_AGGRESSIVE;
				CLANG_WARN_UNREACHABLE_CODE = YES;
				CLANG_WARN__DUPLICATE_METHOD_MATCH = YES;
				COPY_PHASE_STRIP = NO;
				DEBUG_INFORMATION_FORMAT = dwarf;
				ENABLE_STRICT_OBJC_MSGSEND = YES;
				ENABLE_TESTABILITY = YES;
				GCC_C_LANGUAGE_STANDARD = gnu11;
				GCC_DYNAMIC_NO_PIC = NO;
				GCC_NO_COMMON_BLOCKS = YES;
				GCC_OPTIMIZATION_LEVEL = 0;
				GCC_PREPROCESSOR_DEFINITIONS = (
					"DEBUG=1",
					"$(inherited)",
				);
				GCC_WARN_64_TO_32_BIT_CONVERSION = YES;
				GCC_WARN_ABOUT_RETURN_TYPE = YES_ERROR;
				GCC_WARN_UNDECLARED_SELECTOR = YES;
				GCC_WARN_UNINITIALIZED_AUTOS = YES_AGGRESSIVE;
				GCC_WARN_UNUSED_FUNCTION = YES;
				GCC_WARN_UNUSED_VARIABLE = YES;
				MTL_ENABLE_DEBUG_INFO = INCLUDE_SOURCE;
				MTL_FAST_MATH = YES;
				ONLY_ACTIVE_ARCH = YES;
				SDKROOT = iphoneos;
				SWIFT_ACTIVE_COMPILATION_CONDITIONS = DEBUG;
				SWIFT_OPTIMIZATION_LEVEL = "-Onone";
			};
			name = Debug;
		};
		84452E8524A981E900E302EA /* Release */ = {
			isa = XCBuildConfiguration;
			buildSettings = {
				ALWAYS_SEARCH_USER_PATHS = NO;
				CLANG_ANALYZER_NONNULL = YES;
				CLANG_ANALYZER_NUMBER_OBJECT_CONVERSION = YES_AGGRESSIVE;
				CLANG_CXX_LANGUAGE_STANDARD = "gnu++14";
				CLANG_CXX_LIBRARY = "libc++";
				CLANG_ENABLE_MODULES = YES;
				CLANG_ENABLE_OBJC_ARC = YES;
				CLANG_ENABLE_OBJC_WEAK = YES;
				CLANG_WARN_BLOCK_CAPTURE_AUTORELEASING = YES;
				CLANG_WARN_BOOL_CONVERSION = YES;
				CLANG_WARN_COMMA = YES;
				CLANG_WARN_CONSTANT_CONVERSION = YES;
				CLANG_WARN_DEPRECATED_OBJC_IMPLEMENTATIONS = YES;
				CLANG_WARN_DIRECT_OBJC_ISA_USAGE = YES_ERROR;
				CLANG_WARN_DOCUMENTATION_COMMENTS = YES;
				CLANG_WARN_EMPTY_BODY = YES;
				CLANG_WARN_ENUM_CONVERSION = YES;
				CLANG_WARN_INFINITE_RECURSION = YES;
				CLANG_WARN_INT_CONVERSION = YES;
				CLANG_WARN_NON_LITERAL_NULL_CONVERSION = YES;
				CLANG_WARN_OBJC_IMPLICIT_RETAIN_SELF = YES;
				CLANG_WARN_OBJC_LITERAL_CONVERSION = YES;
				CLANG_WARN_OBJC_ROOT_CLASS = YES_ERROR;
				CLANG_WARN_RANGE_LOOP_ANALYSIS = YES;
				CLANG_WARN_STRICT_PROTOTYPES = YES;
				CLANG_WARN_SUSPICIOUS_MOVE = YES;
				CLANG_WARN_UNGUARDED_AVAILABILITY = YES_AGGRESSIVE;
				CLANG_WARN_UNREACHABLE_CODE = YES;
				CLANG_WARN__DUPLICATE_METHOD_MATCH = YES;
				COPY_PHASE_STRIP = NO;
				DEBUG_INFORMATION_FORMAT = "dwarf-with-dsym";
				ENABLE_NS_ASSERTIONS = NO;
				ENABLE_STRICT_OBJC_MSGSEND = YES;
				GCC_C_LANGUAGE_STANDARD = gnu11;
				GCC_NO_COMMON_BLOCKS = YES;
				GCC_WARN_64_TO_32_BIT_CONVERSION = YES;
				GCC_WARN_ABOUT_RETURN_TYPE = YES_ERROR;
				GCC_WARN_UNDECLARED_SELECTOR = YES;
				GCC_WARN_UNINITIALIZED_AUTOS = YES_AGGRESSIVE;
				GCC_WARN_UNUSED_FUNCTION = YES;
				GCC_WARN_UNUSED_VARIABLE = YES;
				MTL_ENABLE_DEBUG_INFO = NO;
				MTL_FAST_MATH = YES;
				SDKROOT = iphoneos;
				SWIFT_COMPILATION_MODE = wholemodule;
				SWIFT_OPTIMIZATION_LEVEL = "-O";
				VALIDATE_PRODUCT = YES;
			};
			name = Release;
		};
		84452E8724A981E900E302EA /* Debug */ = {
			isa = XCBuildConfiguration;
			buildSettings = {
				ASSETCATALOG_COMPILER_COMPLICATION_NAME = Complication;
				CODE_SIGN_STYLE = Automatic;
				DEVELOPMENT_ASSET_PATHS = "\"Diem WatchKit Extension/Preview Content\"";
				DEVELOPMENT_TEAM = 5D68YM6KJ5;
				ENABLE_PREVIEWS = YES;
				INFOPLIST_FILE = "Diem WatchKit Extension/Info.plist";
				LD_RUNPATH_SEARCH_PATHS = (
					"$(inherited)",
					"@executable_path/Frameworks",
					"@executable_path/../../Frameworks",
				);
				PRODUCT_BUNDLE_IDENTIFIER = quicklywilliam.Diem.watchkitapp.watchkitextension;
				PRODUCT_NAME = "${TARGET_NAME}";
				SDKROOT = watchos;
				SKIP_INSTALL = YES;
				SWIFT_VERSION = 5.0;
				TARGETED_DEVICE_FAMILY = 4;
				WATCHOS_DEPLOYMENT_TARGET = 7.0;
			};
			name = Debug;
		};
		84452E8824A981E900E302EA /* Release */ = {
			isa = XCBuildConfiguration;
			buildSettings = {
				ASSETCATALOG_COMPILER_COMPLICATION_NAME = Complication;
				CODE_SIGN_STYLE = Automatic;
				DEVELOPMENT_ASSET_PATHS = "\"Diem WatchKit Extension/Preview Content\"";
				DEVELOPMENT_TEAM = 5D68YM6KJ5;
				ENABLE_PREVIEWS = YES;
				INFOPLIST_FILE = "Diem WatchKit Extension/Info.plist";
				LD_RUNPATH_SEARCH_PATHS = (
					"$(inherited)",
					"@executable_path/Frameworks",
					"@executable_path/../../Frameworks",
				);
				PRODUCT_BUNDLE_IDENTIFIER = quicklywilliam.Diem.watchkitapp.watchkitextension;
				PRODUCT_NAME = "${TARGET_NAME}";
				SDKROOT = watchos;
				SKIP_INSTALL = YES;
				SWIFT_VERSION = 5.0;
				TARGETED_DEVICE_FAMILY = 4;
				WATCHOS_DEPLOYMENT_TARGET = 7.0;
			};
			name = Release;
		};
		84452E8B24A981E900E302EA /* Debug */ = {
			isa = XCBuildConfiguration;
			buildSettings = {
				ALWAYS_EMBED_SWIFT_STANDARD_LIBRARIES = YES;
				ASSETCATALOG_COMPILER_APPICON_NAME = AppIcon;
				CODE_SIGN_STYLE = Automatic;
				DEVELOPMENT_TEAM = 5D68YM6KJ5;
				IBSC_MODULE = Diem_WatchKit_Extension;
				INFOPLIST_FILE = "Diem WatchKit App/Info.plist";
				PRODUCT_BUNDLE_IDENTIFIER = quicklywilliam.Diem.watchkitapp;
				PRODUCT_NAME = "$(TARGET_NAME)";
				SDKROOT = watchos;
				SKIP_INSTALL = YES;
				SWIFT_VERSION = 5.0;
				TARGETED_DEVICE_FAMILY = 4;
				WATCHOS_DEPLOYMENT_TARGET = 7.0;
			};
			name = Debug;
		};
		84452E8C24A981E900E302EA /* Release */ = {
			isa = XCBuildConfiguration;
			buildSettings = {
				ALWAYS_EMBED_SWIFT_STANDARD_LIBRARIES = YES;
				ASSETCATALOG_COMPILER_APPICON_NAME = AppIcon;
				CODE_SIGN_STYLE = Automatic;
				DEVELOPMENT_TEAM = 5D68YM6KJ5;
				IBSC_MODULE = Diem_WatchKit_Extension;
				INFOPLIST_FILE = "Diem WatchKit App/Info.plist";
				PRODUCT_BUNDLE_IDENTIFIER = quicklywilliam.Diem.watchkitapp;
				PRODUCT_NAME = "$(TARGET_NAME)";
				SDKROOT = watchos;
				SKIP_INSTALL = YES;
				SWIFT_VERSION = 5.0;
				TARGETED_DEVICE_FAMILY = 4;
				WATCHOS_DEPLOYMENT_TARGET = 7.0;
			};
			name = Release;
		};
		84452E8F24A981E900E302EA /* Debug */ = {
			isa = XCBuildConfiguration;
			buildSettings = {
				CODE_SIGN_STYLE = Automatic;
				CURRENT_PROJECT_VERSION = 1;
				DEVELOPMENT_TEAM = 5D68YM6KJ5;
				MARKETING_VERSION = 1.0;
				PRODUCT_BUNDLE_IDENTIFIER = quicklywilliam.Diem;
				PRODUCT_NAME = "$(TARGET_NAME)";
				SWIFT_VERSION = 5.0;
			};
			name = Debug;
		};
		84452E9024A981E900E302EA /* Release */ = {
			isa = XCBuildConfiguration;
			buildSettings = {
				CODE_SIGN_STYLE = Automatic;
				CURRENT_PROJECT_VERSION = 1;
				DEVELOPMENT_TEAM = 5D68YM6KJ5;
				MARKETING_VERSION = 1.0;
				PRODUCT_BUNDLE_IDENTIFIER = quicklywilliam.Diem;
				PRODUCT_NAME = "$(TARGET_NAME)";
				SWIFT_VERSION = 5.0;
			};
			name = Release;
		};
/* End XCBuildConfiguration section */

/* Begin XCConfigurationList section */
		84452E5B24A981E500E302EA /* Build configuration list for PBXProject "Diem" */ = {
			isa = XCConfigurationList;
			buildConfigurations = (
				84452E8424A981E900E302EA /* Debug */,
				84452E8524A981E900E302EA /* Release */,
			);
			defaultConfigurationIsVisible = 0;
			defaultConfigurationName = Release;
		};
		84452E8624A981E900E302EA /* Build configuration list for PBXNativeTarget "Diem WatchKit Extension" */ = {
			isa = XCConfigurationList;
			buildConfigurations = (
				84452E8724A981E900E302EA /* Debug */,
				84452E8824A981E900E302EA /* Release */,
			);
			defaultConfigurationIsVisible = 0;
			defaultConfigurationName = Release;
		};
		84452E8A24A981E900E302EA /* Build configuration list for PBXNativeTarget "Diem WatchKit App" */ = {
			isa = XCConfigurationList;
			buildConfigurations = (
				84452E8B24A981E900E302EA /* Debug */,
				84452E8C24A981E900E302EA /* Release */,
			);
			defaultConfigurationIsVisible = 0;
			defaultConfigurationName = Release;
		};
		84452E8E24A981E900E302EA /* Build configuration list for PBXNativeTarget "Diem" */ = {
			isa = XCConfigurationList;
			buildConfigurations = (
				84452E8F24A981E900E302EA /* Debug */,
				84452E9024A981E900E302EA /* Release */,
			);
			defaultConfigurationIsVisible = 0;
			defaultConfigurationName = Release;
		};
/* End XCConfigurationList section */
	};
	rootObject = 84452E5824A981E500E302EA /* Project object */;
}
